{
  "name": "ddz",
  "version": "1.0.0",
  "lockfileVersion": 1,
  "requires": true,
  "dependencies": {
    "@types/lodash": {
      "version": "4.14.125",
      "resolved": "https://registry.npmjs.org/@types/lodash/-/lodash-4.14.125.tgz",
      "integrity": "sha512-s29jU/MIOSddXeji0TSZPJjf0agnfJYpWeKlr79BbtXlfuYamGVyCNQA2IRi5/plaQiNSxMmNGdvFbdtMMJ3nw==",
      "dev": true
    },
    "lodash": {
      "version": "4.17.11",
      "resolved": "https://registry.npmjs.org/lodash/-/lodash-4.17.11.tgz",
      "integrity": "sha512-cQKh8igo5QUhZ7lg38DYWAxMvjSAKG0A8wGSVimP07SIUEK2UO+arSRKbRZWtelMtN5V0Hkwh5ryOto/SshYIg=="
    }
  }
}
