gitee.com/zingson/mongo-go-driver v1.1.0 h1:Lhu/U06RoX2Atv5Ux+Ou+ho0DZUt+Y7Br5Slc7HlXmU=
gitee.com/zingson/mongo-go-driver v1.1.0/go.mod h1:Sp8gv0SUI2TH57pmq7jPGkPrC/5OsmBeMSw+MEDI2II=
github.com/graphql-go/graphql v0.7.8 h1:769CR/2JNAhLG9+aa8pfLkKdR0H+r5lsQqling5WwpU=
github.com/graphql-go/graphql v0.7.8/go.mod h1:k6yrAYQaSP59DC5UVxbgxESlmVyojThKdORUqGDGmrI=
